
Microsoft Visual Studio Solution File, Format Version 12.00
# Visual Studio Version 17
VisualStudioVersion = 17.9.34728.123
MinimumVisualStudioVersion = 10.0.40219.1
Project("{FAE04EC0-301F-11D3-BF4B-00C04F79EFBC}") = "Proyecto_DSWI_2024", "Proyecto_DSWI_2024\Proyecto_DSWI_2024.csproj", "{F45CF762-3811-4CC3-BAB1-3EEFCD7052B2}"
EndProject
Global
	GlobalSection(SolutionConfigurationPlatforms) = preSolution
		Debug|Any CPU = Debug|Any CPU
		Release|Any CPU = Release|Any CPU
	EndGlobalSection
	GlobalSection(ProjectConfigurationPlatforms) = postSolution
		{F45CF762-3811-4CC3-BAB1-3EEFCD7052B2}.Debug|Any CPU.ActiveCfg = Debug|Any CPU
		{F45CF762-3811-4CC3-BAB1-3EEFCD7052B2}.Debug|Any CPU.Build.0 = Debug|Any CPU
		{F45CF762-3811-4CC3-BAB1-3EEFCD7052B2}.Release|Any CPU.ActiveCfg = Release|Any CPU
		{F45CF762-3811-4CC3-BAB1-3EEFCD7052B2}.Release|Any CPU.Build.0 = Release|Any CPU
	EndGlobalSection
	GlobalSection(SolutionProperties) = preSolution
		HideSolutionNode = FALSE
	EndGlobalSection
	GlobalSection(ExtensibilityGlobals) = postSolution
		SolutionGuid = {74A86D26-3DEB-4F0D-B566-5453A0080825}
	EndGlobalSection
EndGlobal
